# This file is generated by running "yarn install" inside your project.
# Manual changes might be lost - proceed with caution!

__metadata:
  version: 6
  cacheKey: 8

"@glennsl/rescript-fetch@npm:^0.2.0":
  version: 0.2.0
  resolution: "@glennsl/rescript-fetch@npm:0.2.0"
  checksum: a861f31bcc6ec55bd1786c6eb3b948caf28d8c321ae1a3e2b82ea2dcc3ffce09c579fd562f59b72a0098998d0402a79fd9aa77060369f9e242bc6070e1096016
  languageName: node
  linkType: hard

"@greenlabs/ppx-spice@npm:^0.1.12":
  version: 0.1.12
  resolution: "@greenlabs/ppx-spice@npm:0.1.12"
  checksum: 63133ae4b0e02328ac88d54a0baadde12139459a7dd85ce89cfb1f3134b7936ca3603614d410162d6edba070617e861c377794b257bf0368dd19543965e0e370
  languageName: node
  linkType: hard

"@marionebl/option@npm:^1.0.4, @marionebl/option@npm:^1.0.8":
  version: 1.0.8
  resolution: "@marionebl/option@npm:1.0.8"
  dependencies:
    "@marionebl/result": ^1.0.7
  checksum: fa221ea64975b2093cd5d72e4789af092785a1886b55e54bffee7eac0fe8d36e38d28c0d4c945fe16ef9878a5571b5bad0bd64d3275e656ad260d0d02ebe5fd6
  languageName: node
  linkType: hard

"@marionebl/result@npm:^1.0.7":
  version: 1.0.8
  resolution: "@marionebl/result@npm:1.0.8"
  dependencies:
    "@marionebl/option": ^1.0.4
  checksum: 483530c429e519862537352dec6765a3c96518426acaf5dd8285881dae6c9b8ce561b7d61c8e9a75aa2b445f72abee514fa07e66618d2eb25acd8455f07d72b8
  languageName: node
  linkType: hard

"@next/env@npm:13.2.4":
  version: 13.2.4
  resolution: "@next/env@npm:13.2.4"
  checksum: 4123e08a79e66d6144006972027a9ceb8f3fdd782c4a869df1eb3b91b59ad9f4a44082d3f8e421f4df5214c6bc7190b52b94881369452d65eb4580485f33b9e6
  languageName: node
  linkType: hard

"@next/swc-android-arm-eabi@npm:13.2.4":
  version: 13.2.4
  resolution: "@next/swc-android-arm-eabi@npm:13.2.4"
  conditions: os=android & cpu=arm
  languageName: node
  linkType: hard

"@next/swc-android-arm64@npm:13.2.4":
  version: 13.2.4
  resolution: "@next/swc-android-arm64@npm:13.2.4"
  conditions: os=android & cpu=arm64
  languageName: node
  linkType: hard

"@next/swc-darwin-arm64@npm:13.2.4":
  version: 13.2.4
  resolution: "@next/swc-darwin-arm64@npm:13.2.4"
  conditions: os=darwin & cpu=arm64
  languageName: node
  linkType: hard

"@next/swc-darwin-x64@npm:13.2.4":
  version: 13.2.4
  resolution: "@next/swc-darwin-x64@npm:13.2.4"
  conditions: os=darwin & cpu=x64
  languageName: node
  linkType: hard

"@next/swc-freebsd-x64@npm:13.2.4":
  version: 13.2.4
  resolution: "@next/swc-freebsd-x64@npm:13.2.4"
  conditions: os=freebsd & cpu=x64
  languageName: node
  linkType: hard

"@next/swc-linux-arm-gnueabihf@npm:13.2.4":
  version: 13.2.4
  resolution: "@next/swc-linux-arm-gnueabihf@npm:13.2.4"
  conditions: os=linux & cpu=arm
  languageName: node
  linkType: hard

"@next/swc-linux-arm64-gnu@npm:13.2.4":
  version: 13.2.4
  resolution: "@next/swc-linux-arm64-gnu@npm:13.2.4"
  conditions: os=linux & cpu=arm64 & libc=glibc
  languageName: node
  linkType: hard

"@next/swc-linux-arm64-musl@npm:13.2.4":
  version: 13.2.4
  resolution: "@next/swc-linux-arm64-musl@npm:13.2.4"
  conditions: os=linux & cpu=arm64 & libc=musl
  languageName: node
  linkType: hard

"@next/swc-linux-x64-gnu@npm:13.2.4":
  version: 13.2.4
  resolution: "@next/swc-linux-x64-gnu@npm:13.2.4"
  conditions: os=linux & cpu=x64 & libc=glibc
  languageName: node
  linkType: hard

"@next/swc-linux-x64-musl@npm:13.2.4":
  version: 13.2.4
  resolution: "@next/swc-linux-x64-musl@npm:13.2.4"
  conditions: os=linux & cpu=x64 & libc=musl
  languageName: node
  linkType: hard

"@next/swc-win32-arm64-msvc@npm:13.2.4":
  version: 13.2.4
  resolution: "@next/swc-win32-arm64-msvc@npm:13.2.4"
  conditions: os=win32 & cpu=arm64
  languageName: node
  linkType: hard

"@next/swc-win32-ia32-msvc@npm:13.2.4":
  version: 13.2.4
  resolution: "@next/swc-win32-ia32-msvc@npm:13.2.4"
  conditions: os=win32 & cpu=ia32
  languageName: node
  linkType: hard

"@next/swc-win32-x64-msvc@npm:13.2.4":
  version: 13.2.4
  resolution: "@next/swc-win32-x64-msvc@npm:13.2.4"
  conditions: os=win32 & cpu=x64
  languageName: node
  linkType: hard

"@rescript/react@npm:^0.11.0":
  version: 0.11.0
  resolution: "@rescript/react@npm:0.11.0"
  peerDependencies:
    react: ">=18.0.0"
    react-dom: ">=18.0.0"
  checksum: c399d114f7081dca56b200c377dc4896f7c4e7ec092a73f6b42aadffd7b3b146a462009139e71c834db5989331777ffd57bbcef2adfb165104510aa5c60c9ada
  languageName: node
  linkType: hard

"@swc/helpers@npm:0.4.14":
  version: 0.4.14
  resolution: "@swc/helpers@npm:0.4.14"
  dependencies:
    tslib: ^2.4.0
  checksum: 273fd3f3fc461a92f3790cc551ea054745c6d6959afbe1232e6d7aa1c722bbc114d308aab96bef5c78fc0303c85c7b472ef00e2253251cc89737f3b1af56e5a5
  languageName: node
  linkType: hard

"caniuse-lite@npm:^1.0.30001406":
  version: 1.0.30001464
  resolution: "caniuse-lite@npm:1.0.30001464"
  checksum: 67cdee102c1660d62d7b9dbd4740bb7af096236618f2509fd2e0039d50db5f02fb87c21d90b6d573fdcf50deaf3c84503d009e871502b5c221d0ba1dec18ba11
  languageName: node
  linkType: hard

"client-only@npm:0.0.1":
  version: 0.0.1
  resolution: "client-only@npm:0.0.1"
  checksum: 0c16bf660dadb90610553c1d8946a7fdfb81d624adea073b8440b7d795d5b5b08beb3c950c6a2cf16279365a3265158a236876d92bce16423c485c322d7dfaf8
  languageName: node
  linkType: hard

"js-tokens@npm:^3.0.0 || ^4.0.0":
  version: 4.0.0
  resolution: "js-tokens@npm:4.0.0"
  checksum: 8a95213a5a77deb6cbe94d86340e8d9ace2b93bc367790b260101d2f36a2eaf4e4e22d9fa9cf459b38af3a32fb4190e638024cf82ec95ef708680e405ea7cc78
  languageName: node
  linkType: hard

"loose-envify@npm:^1.1.0":
  version: 1.4.0
  resolution: "loose-envify@npm:1.4.0"
  dependencies:
    js-tokens: ^3.0.0 || ^4.0.0
  bin:
    loose-envify: cli.js
  checksum: 6517e24e0cad87ec9888f500c5b5947032cdfe6ef65e1c1936a0c48a524b81e65542c9c3edc91c97d5bddc806ee2a985dbc79be89215d613b1de5db6d1cfe6f4
  languageName: node
  linkType: hard

"nanoid@npm:^3.3.4":
  version: 3.3.4
  resolution: "nanoid@npm:3.3.4"
  bin:
    nanoid: bin/nanoid.cjs
  checksum: 2fddd6dee994b7676f008d3ffa4ab16035a754f4bb586c61df5a22cf8c8c94017aadd360368f47d653829e0569a92b129979152ff97af23a558331e47e37cd9c
  languageName: node
  linkType: hard

"next@npm:^13.2.4":
  version: 13.2.4
  resolution: "next@npm:13.2.4"
  dependencies:
    "@next/env": 13.2.4
    "@next/swc-android-arm-eabi": 13.2.4
    "@next/swc-android-arm64": 13.2.4
    "@next/swc-darwin-arm64": 13.2.4
    "@next/swc-darwin-x64": 13.2.4
    "@next/swc-freebsd-x64": 13.2.4
    "@next/swc-linux-arm-gnueabihf": 13.2.4
    "@next/swc-linux-arm64-gnu": 13.2.4
    "@next/swc-linux-arm64-musl": 13.2.4
    "@next/swc-linux-x64-gnu": 13.2.4
    "@next/swc-linux-x64-musl": 13.2.4
    "@next/swc-win32-arm64-msvc": 13.2.4
    "@next/swc-win32-ia32-msvc": 13.2.4
    "@next/swc-win32-x64-msvc": 13.2.4
    "@swc/helpers": 0.4.14
    caniuse-lite: ^1.0.30001406
    postcss: 8.4.14
    styled-jsx: 5.1.1
  peerDependencies:
    "@opentelemetry/api": ^1.4.0
    fibers: ">= 3.1.0"
    node-sass: ^6.0.0 || ^7.0.0
    react: ^18.2.0
    react-dom: ^18.2.0
    sass: ^1.3.0
  dependenciesMeta:
    "@next/swc-android-arm-eabi":
      optional: true
    "@next/swc-android-arm64":
      optional: true
    "@next/swc-darwin-arm64":
      optional: true
    "@next/swc-darwin-x64":
      optional: true
    "@next/swc-freebsd-x64":
      optional: true
    "@next/swc-linux-arm-gnueabihf":
      optional: true
    "@next/swc-linux-arm64-gnu":
      optional: true
    "@next/swc-linux-arm64-musl":
      optional: true
    "@next/swc-linux-x64-gnu":
      optional: true
    "@next/swc-linux-x64-musl":
      optional: true
    "@next/swc-win32-arm64-msvc":
      optional: true
    "@next/swc-win32-ia32-msvc":
      optional: true
    "@next/swc-win32-x64-msvc":
      optional: true
  peerDependenciesMeta:
    "@opentelemetry/api":
      optional: true
    fibers:
      optional: true
    node-sass:
      optional: true
    sass:
      optional: true
  bin:
    next: dist/bin/next
  checksum: 8531dee41b60181b582f5ee80858907b102f083ef8808ff9352d589dd39e6b3a96f7a11b3776a03eef3a28430cff768336fa2e3ff2c6f8fcd699fbc891749051
  languageName: node
  linkType: hard

"personal-data@workspace:.":
  version: 0.0.0-use.local
  resolution: "personal-data@workspace:."
  dependencies:
    "@glennsl/rescript-fetch": ^0.2.0
    "@greenlabs/ppx-spice": ^0.1.12
    "@marionebl/option": ^1.0.8
    "@rescript/react": ^0.11.0
    next: ^13.2.4
    react: ^18.2.0
    react-dom: ^18.2.0
    react-icons: ^4.10.1
    rescript: ^10.1.3
    rescript-jzon: ^1.3.0
    rescript-next: ^12.0.1
  languageName: unknown
  linkType: soft

"picocolors@npm:^1.0.0":
  version: 1.0.0
  resolution: "picocolors@npm:1.0.0"
  checksum: a2e8092dd86c8396bdba9f2b5481032848525b3dc295ce9b57896f931e63fc16f79805144321f72976383fc249584672a75cc18d6777c6b757603f372f745981
  languageName: node
  linkType: hard

"postcss@npm:8.4.14":
  version: 8.4.14
  resolution: "postcss@npm:8.4.14"
  dependencies:
    nanoid: ^3.3.4
    picocolors: ^1.0.0
    source-map-js: ^1.0.2
  checksum: fe58766ff32e4becf65a7d57678995cfd239df6deed2fe0557f038b47c94e4132e7e5f68b5aa820c13adfec32e523b693efaeb65798efb995ce49ccd83953816
  languageName: node
  linkType: hard

"react-dom@npm:^18.2.0":
  version: 18.2.0
  resolution: "react-dom@npm:18.2.0"
  dependencies:
    loose-envify: ^1.1.0
    scheduler: ^0.23.0
  peerDependencies:
    react: ^18.2.0
  checksum: 7d323310bea3a91be2965f9468d552f201b1c27891e45ddc2d6b8f717680c95a75ae0bc1e3f5cf41472446a2589a75aed4483aee8169287909fcd59ad149e8cc
  languageName: node
  linkType: hard

"react-icons@npm:^4.10.1":
  version: 4.10.1
  resolution: "react-icons@npm:4.10.1"
  peerDependencies:
    react: "*"
  checksum: b6c8d4fe482b112e1041515d93ef7670a0af128855c926052a076b64d0b991cdd4391394b26467100f8da3859db1ebd8f9c6b7614fa5969fde83de45c71031a3
  languageName: node
  linkType: hard

"react@npm:^18.2.0":
  version: 18.2.0
  resolution: "react@npm:18.2.0"
  dependencies:
    loose-envify: ^1.1.0
  checksum: 88e38092da8839b830cda6feef2e8505dec8ace60579e46aa5490fc3dc9bba0bd50336507dc166f43e3afc1c42939c09fe33b25fae889d6f402721dcd78fca1b
  languageName: node
  linkType: hard

"rescript-jzon@npm:^1.3.0":
  version: 1.3.0
  resolution: "rescript-jzon@npm:1.3.0"
  checksum: 338f3d534f83235ebda66a08b9accdcfcf2fd9c27dbec2ca8865de162133c56c8a2cbebb06cd914bc6936c2518961ee965161fedc69c8980562c8a78d5f8a66e
  languageName: node
  linkType: hard

"rescript-next@npm:^12.0.1":
  version: 12.0.1
  resolution: "rescript-next@npm:12.0.1"
  peerDependencies:
    "@rescript/react": ">=0.10.3"
    next: ">=12.0.0"
  checksum: 7dc9e32280b8e901ce05f0025f1dd2a438639d1fa5d05311e18453dc216258114f817f22c588e8edace06bea10c49f229c7b843363b6120b956fb49e3ad3fab1
  languageName: node
  linkType: hard

"rescript@npm:^10.1.3":
  version: 10.1.3
  resolution: "rescript@npm:10.1.3"
  bin:
    bsc: bsc
    bsrefmt: bsrefmt
    bstracing: lib/bstracing
    rescript: rescript
  checksum: 24066a11b679afd5d5ed2ed7cb5f9b2c5e7e66c5dc8924134f369e049bd82e79bc918a98dcea782e7ac5253a69d554584d71b1a5c774f1eb925a909531159238
  languageName: node
  linkType: hard

"scheduler@npm:^0.23.0":
  version: 0.23.0
  resolution: "scheduler@npm:0.23.0"
  dependencies:
    loose-envify: ^1.1.0
  checksum: d79192eeaa12abef860c195ea45d37cbf2bbf5f66e3c4dcd16f54a7da53b17788a70d109ee3d3dde1a0fd50e6a8fc171f4300356c5aee4fc0171de526bf35f8a
  languageName: node
  linkType: hard

"source-map-js@npm:^1.0.2":
  version: 1.0.2
  resolution: "source-map-js@npm:1.0.2"
  checksum: c049a7fc4deb9a7e9b481ae3d424cc793cb4845daa690bc5a05d428bf41bf231ced49b4cf0c9e77f9d42fdb3d20d6187619fc586605f5eabe995a316da8d377c
  languageName: node
  linkType: hard

"styled-jsx@npm:5.1.1":
  version: 5.1.1
  resolution: "styled-jsx@npm:5.1.1"
  dependencies:
    client-only: 0.0.1
  peerDependencies:
    react: ">= 16.8.0 || 17.x.x || ^18.0.0-0"
  peerDependenciesMeta:
    "@babel/core":
      optional: true
    babel-plugin-macros:
      optional: true
  checksum: 523a33b38603492547e861b98e29c873939b04e15fbe5ef16132c6f1e15958126647983c7d4675325038b428a5e91183d996e90141b18bdd1bbadf6e2c45b2fa
  languageName: node
  linkType: hard

"tslib@npm:^2.4.0":
  version: 2.5.0
  resolution: "tslib@npm:2.5.0"
  checksum: ae3ed5f9ce29932d049908ebfdf21b3a003a85653a9a140d614da6b767a93ef94f460e52c3d787f0e4f383546981713f165037dc2274df212ea9f8a4541004e1
  languageName: node
  linkType: hard
